
Microsoft Visual Studio Solution File, Format Version 12.00
# Visual Studio Version 17
VisualStudioVersion = 17.3.32929.385
MinimumVisualStudioVersion = 10.0.40219.1
Project("{9A19103F-16F7-4668-BE54-9A1E7A4F7556}") = "Build.Domain", "Build.Domain\Build.Domain.csproj", "{8FBEEFA5-8A2F-477A-988C-53C14A0D2B4A}"
EndProject
Project("{9A19103F-16F7-4668-BE54-9A1E7A4F7556}") = "Build.Infrastructure", "Build.Infrastructure\Build.Infrastructure.csproj", "{5369FBEF-3BAC-4BD3-80EB-2A03A807B13A}"
EndProject
Project("{9A19103F-16F7-4668-BE54-9A1E7A4F7556}") = "Build.Web", "Build.Web\Build.Web.csproj", "{08906F01-C23F-43D1-B970-0153932407EE}"
EndProject
Project("{9A19103F-16F7-4668-BE54-9A1E7A4F7556}") = "Build.Shared", "Build.Shared\Build.Shared.csproj", "{A7B39071-EF29-4FC1-A8C1-18EFBD07EBAB}"
EndProject
Project("{9A19103F-16F7-4668-BE54-9A1E7A4F7556}") = "Build.Application", "Build.Application\Build.Application.csproj", "{66A04664-663D-423E-9AC5-F355F2A34BDA}"
EndProject
Global
	GlobalSection(SolutionConfigurationPlatforms) = preSolution
		Debug|Any CPU = Debug|Any CPU
		Release|Any CPU = Release|Any CPU
	EndGlobalSection
	GlobalSection(ProjectConfigurationPlatforms) = postSolution
		{8FBEEFA5-8A2F-477A-988C-53C14A0D2B4A}.Debug|Any CPU.ActiveCfg = Debug|Any CPU
		{8FBEEFA5-8A2F-477A-988C-53C14A0D2B4A}.Debug|Any CPU.Build.0 = Debug|Any CPU
		{8FBEEFA5-8A2F-477A-988C-53C14A0D2B4A}.Release|Any CPU.ActiveCfg = Release|Any CPU
		{8FBEEFA5-8A2F-477A-988C-53C14A0D2B4A}.Release|Any CPU.Build.0 = Release|Any CPU
		{5369FBEF-3BAC-4BD3-80EB-2A03A807B13A}.Debug|Any CPU.ActiveCfg = Debug|Any CPU
		{5369FBEF-3BAC-4BD3-80EB-2A03A807B13A}.Debug|Any CPU.Build.0 = Debug|Any CPU
		{5369FBEF-3BAC-4BD3-80EB-2A03A807B13A}.Release|Any CPU.ActiveCfg = Release|Any CPU
		{5369FBEF-3BAC-4BD3-80EB-2A03A807B13A}.Release|Any CPU.Build.0 = Release|Any CPU
		{08906F01-C23F-43D1-B970-0153932407EE}.Debug|Any CPU.ActiveCfg = Debug|Any CPU
		{08906F01-C23F-43D1-B970-0153932407EE}.Debug|Any CPU.Build.0 = Debug|Any CPU
		{08906F01-C23F-43D1-B970-0153932407EE}.Release|Any CPU.ActiveCfg = Release|Any CPU
		{08906F01-C23F-43D1-B970-0153932407EE}.Release|Any CPU.Build.0 = Release|Any CPU
		{A7B39071-EF29-4FC1-A8C1-18EFBD07EBAB}.Debug|Any CPU.ActiveCfg = Debug|Any CPU
		{A7B39071-EF29-4FC1-A8C1-18EFBD07EBAB}.Debug|Any CPU.Build.0 = Debug|Any CPU
		{A7B39071-EF29-4FC1-A8C1-18EFBD07EBAB}.Release|Any CPU.ActiveCfg = Release|Any CPU
		{A7B39071-EF29-4FC1-A8C1-18EFBD07EBAB}.Release|Any CPU.Build.0 = Release|Any CPU
		{66A04664-663D-423E-9AC5-F355F2A34BDA}.Debug|Any CPU.ActiveCfg = Debug|Any CPU
		{66A04664-663D-423E-9AC5-F355F2A34BDA}.Debug|Any CPU.Build.0 = Debug|Any CPU
		{66A04664-663D-423E-9AC5-F355F2A34BDA}.Release|Any CPU.ActiveCfg = Release|Any CPU
		{66A04664-663D-423E-9AC5-F355F2A34BDA}.Release|Any CPU.Build.0 = Release|Any CPU
	EndGlobalSection
	GlobalSection(SolutionProperties) = preSolution
		HideSolutionNode = FALSE
	EndGlobalSection
	GlobalSection(ExtensibilityGlobals) = postSolution
		SolutionGuid = {82F46AB7-D621-463E-9E7D-6CDB459CF1FD}
	EndGlobalSection
EndGlobal
